
Microsoft Visual Studio Solution File, Format Version 12.00
# Visual Studio 14
VisualStudioVersion = 14.0.23107.0
MinimumVisualStudioVersion = 10.0.40219.1
Project("{FAE04EC0-301F-11D3-BF4B-00C04F79EFBC}") = "GS.SISGEGS.Web", "GS.SISGEGS.Web\GS.SISGEGS.Web.csproj", "{3250B3AC-1449-48A9-936F-868A9421F44D}"
	ProjectSection(ProjectDependencies) = postProject
		{00ECAAD2-2480-44D1-92D0-D69AFD48B9EB} = {00ECAAD2-2480-44D1-92D0-D69AFD48B9EB}
	EndProjectSection
EndProject
Project("{FAE04EC0-301F-11D3-BF4B-00C04F79EFBC}") = "GS.SISGEGS.UT", "GS.SISGEGS.UT\GS.SISGEGS.UT.csproj", "{522E3CBB-92D5-4D31-BBD7-FA4720930508}"
EndProject
Project("{FAE04EC0-301F-11D3-BF4B-00C04F79EFBC}") = "GS.SISGEGS.BE", "GS.SISGEGS.BE\GS.SISGEGS.BE.csproj", "{75FE5952-0135-49F6-B143-E44B67AD1C44}"
EndProject
Project("{FAE04EC0-301F-11D3-BF4B-00C04F79EFBC}") = "GS.SISGEGS.RESTful", "GS.SISGEGS.RESTful\GS.SISGEGS.RESTful.csproj", "{632C864F-5B24-46F3-8E01-2D10FF22EE19}"
EndProject
Project("{FAE04EC0-301F-11D3-BF4B-00C04F79EFBC}") = "GS.SISGEGS.WINCreditos", "GS.SISGEGS.WINCreditos\GS.SISGEGS.WINCreditos.csproj", "{8390984A-2954-486E-9A5C-CC3CED3B3B4E}"
EndProject
Project("{FAE04EC0-301F-11D3-BF4B-00C04F79EFBC}") = "GS.SISGEGS.WIN.MERLIN", "GS.SISGEGS.WIN.MERLIN\GS.SISGEGS.WIN.MERLIN.csproj", "{0A302ED5-9B4C-4ABE-89BC-AE1DCAF7787C}"
EndProject
Project("{FAE04EC0-301F-11D3-BF4B-00C04F79EFBC}") = "GS.SISGEGS.WCF", "GS.SISGEGS.WCF\GS.SISGEGS.WCF.csproj", "{00ECAAD2-2480-44D1-92D0-D69AFD48B9EB}"
EndProject
Project("{FAE04EC0-301F-11D3-BF4B-00C04F79EFBC}") = "GS.SISGEGS.DM", "GS.SISGEGS.DM\GS.SISGEGS.DM.csproj", "{10A35074-9231-4513-BB44-77E0B7A7B117}"
EndProject
Project("{FAE04EC0-301F-11D3-BF4B-00C04F79EFBC}") = "GS.SISGEGS.BL", "GS.SISGEGS.BL\GS.SISGEGS.BL.csproj", "{02C5ADB9-DE96-445E-9B75-CEEBBA80F98E}"
EndProject
Project("{FAE04EC0-301F-11D3-BF4B-00C04F79EFBC}") = "GS.SISGEGS.WINStock", "GS.SISGEGS.WINStock\GS.SISGEGS.WINStock.csproj", "{72A4AE4C-7D0C-4B75-B092-EA1141703B4E}"
	ProjectSection(ProjectDependencies) = postProject
		{00ECAAD2-2480-44D1-92D0-D69AFD48B9EB} = {00ECAAD2-2480-44D1-92D0-D69AFD48B9EB}
	EndProjectSection
EndProject
Project("{FAE04EC0-301F-11D3-BF4B-00C04F79EFBC}") = "GS.SISGEGS.WINContado", "GS.SISGEGS.WINContado\GS.SISGEGS.WINContado.csproj", "{06ED3E57-E444-4A35-9298-4D1BB9D2D0EF}"
	ProjectSection(ProjectDependencies) = postProject
		{00ECAAD2-2480-44D1-92D0-D69AFD48B9EB} = {00ECAAD2-2480-44D1-92D0-D69AFD48B9EB}
	EndProjectSection
EndProject
Project("{FAE04EC0-301F-11D3-BF4B-00C04F79EFBC}") = "GS.SISGEGS.TCI.TipoCambio", "GS.SISGEGS.TCI.TipoCambio\GS.SISGEGS.TCI.TipoCambio.csproj", "{F7765549-F44A-4552-A8B1-C1322CC43713}"
	ProjectSection(ProjectDependencies) = postProject
		{00ECAAD2-2480-44D1-92D0-D69AFD48B9EB} = {00ECAAD2-2480-44D1-92D0-D69AFD48B9EB}
	EndProjectSection
EndProject
Project("{FAE04EC0-301F-11D3-BF4B-00C04F79EFBC}") = "GS.SISGEGS.WINAplicaciones", "GS.SISGEGS.WINAplicaciones\GS.SISGEGS.WINAplicaciones.csproj", "{B5524638-836E-466E-92BE-90BDF8E34284}"
	ProjectSection(ProjectDependencies) = postProject
		{00ECAAD2-2480-44D1-92D0-D69AFD48B9EB} = {00ECAAD2-2480-44D1-92D0-D69AFD48B9EB}
	EndProjectSection
EndProject
Global
	GlobalSection(SolutionConfigurationPlatforms) = preSolution
		Debug|Any CPU = Debug|Any CPU
		Release|Any CPU = Release|Any CPU
	EndGlobalSection
	GlobalSection(ProjectConfigurationPlatforms) = postSolution
		{3250B3AC-1449-48A9-936F-868A9421F44D}.Debug|Any CPU.ActiveCfg = Debug|Any CPU
		{3250B3AC-1449-48A9-936F-868A9421F44D}.Debug|Any CPU.Build.0 = Debug|Any CPU
		{3250B3AC-1449-48A9-936F-868A9421F44D}.Release|Any CPU.ActiveCfg = Release|Any CPU
		{3250B3AC-1449-48A9-936F-868A9421F44D}.Release|Any CPU.Build.0 = Release|Any CPU
		{522E3CBB-92D5-4D31-BBD7-FA4720930508}.Debug|Any CPU.ActiveCfg = Debug|Any CPU
		{522E3CBB-92D5-4D31-BBD7-FA4720930508}.Debug|Any CPU.Build.0 = Debug|Any CPU
		{522E3CBB-92D5-4D31-BBD7-FA4720930508}.Release|Any CPU.ActiveCfg = Release|Any CPU
		{522E3CBB-92D5-4D31-BBD7-FA4720930508}.Release|Any CPU.Build.0 = Release|Any CPU
		{75FE5952-0135-49F6-B143-E44B67AD1C44}.Debug|Any CPU.ActiveCfg = Debug|Any CPU
		{75FE5952-0135-49F6-B143-E44B67AD1C44}.Debug|Any CPU.Build.0 = Debug|Any CPU
		{75FE5952-0135-49F6-B143-E44B67AD1C44}.Release|Any CPU.ActiveCfg = Release|Any CPU
		{75FE5952-0135-49F6-B143-E44B67AD1C44}.Release|Any CPU.Build.0 = Release|Any CPU
		{632C864F-5B24-46F3-8E01-2D10FF22EE19}.Debug|Any CPU.ActiveCfg = Debug|Any CPU
		{632C864F-5B24-46F3-8E01-2D10FF22EE19}.Debug|Any CPU.Build.0 = Debug|Any CPU
		{632C864F-5B24-46F3-8E01-2D10FF22EE19}.Release|Any CPU.ActiveCfg = Release|Any CPU
		{632C864F-5B24-46F3-8E01-2D10FF22EE19}.Release|Any CPU.Build.0 = Release|Any CPU
		{8390984A-2954-486E-9A5C-CC3CED3B3B4E}.Debug|Any CPU.ActiveCfg = Debug|Any CPU
		{8390984A-2954-486E-9A5C-CC3CED3B3B4E}.Debug|Any CPU.Build.0 = Debug|Any CPU
		{8390984A-2954-486E-9A5C-CC3CED3B3B4E}.Release|Any CPU.ActiveCfg = Release|Any CPU
		{8390984A-2954-486E-9A5C-CC3CED3B3B4E}.Release|Any CPU.Build.0 = Release|Any CPU
		{0A302ED5-9B4C-4ABE-89BC-AE1DCAF7787C}.Debug|Any CPU.ActiveCfg = Debug|Any CPU
		{0A302ED5-9B4C-4ABE-89BC-AE1DCAF7787C}.Debug|Any CPU.Build.0 = Debug|Any CPU
		{0A302ED5-9B4C-4ABE-89BC-AE1DCAF7787C}.Release|Any CPU.ActiveCfg = Release|Any CPU
		{0A302ED5-9B4C-4ABE-89BC-AE1DCAF7787C}.Release|Any CPU.Build.0 = Release|Any CPU
		{00ECAAD2-2480-44D1-92D0-D69AFD48B9EB}.Debug|Any CPU.ActiveCfg = Debug|Any CPU
		{00ECAAD2-2480-44D1-92D0-D69AFD48B9EB}.Debug|Any CPU.Build.0 = Debug|Any CPU
		{00ECAAD2-2480-44D1-92D0-D69AFD48B9EB}.Release|Any CPU.ActiveCfg = Release|Any CPU
		{00ECAAD2-2480-44D1-92D0-D69AFD48B9EB}.Release|Any CPU.Build.0 = Release|Any CPU
		{10A35074-9231-4513-BB44-77E0B7A7B117}.Debug|Any CPU.ActiveCfg = Debug|Any CPU
		{10A35074-9231-4513-BB44-77E0B7A7B117}.Debug|Any CPU.Build.0 = Debug|Any CPU
		{10A35074-9231-4513-BB44-77E0B7A7B117}.Release|Any CPU.ActiveCfg = Release|Any CPU
		{10A35074-9231-4513-BB44-77E0B7A7B117}.Release|Any CPU.Build.0 = Release|Any CPU
		{02C5ADB9-DE96-445E-9B75-CEEBBA80F98E}.Debug|Any CPU.ActiveCfg = Debug|Any CPU
		{02C5ADB9-DE96-445E-9B75-CEEBBA80F98E}.Debug|Any CPU.Build.0 = Debug|Any CPU
		{02C5ADB9-DE96-445E-9B75-CEEBBA80F98E}.Release|Any CPU.ActiveCfg = Release|Any CPU
		{02C5ADB9-DE96-445E-9B75-CEEBBA80F98E}.Release|Any CPU.Build.0 = Release|Any CPU
		{72A4AE4C-7D0C-4B75-B092-EA1141703B4E}.Debug|Any CPU.ActiveCfg = Debug|Any CPU
		{72A4AE4C-7D0C-4B75-B092-EA1141703B4E}.Debug|Any CPU.Build.0 = Debug|Any CPU
		{72A4AE4C-7D0C-4B75-B092-EA1141703B4E}.Release|Any CPU.ActiveCfg = Release|Any CPU
		{72A4AE4C-7D0C-4B75-B092-EA1141703B4E}.Release|Any CPU.Build.0 = Release|Any CPU
		{06ED3E57-E444-4A35-9298-4D1BB9D2D0EF}.Debug|Any CPU.ActiveCfg = Debug|Any CPU
		{06ED3E57-E444-4A35-9298-4D1BB9D2D0EF}.Debug|Any CPU.Build.0 = Debug|Any CPU
		{06ED3E57-E444-4A35-9298-4D1BB9D2D0EF}.Release|Any CPU.ActiveCfg = Release|Any CPU
		{06ED3E57-E444-4A35-9298-4D1BB9D2D0EF}.Release|Any CPU.Build.0 = Release|Any CPU
		{F7765549-F44A-4552-A8B1-C1322CC43713}.Debug|Any CPU.ActiveCfg = Debug|Any CPU
		{F7765549-F44A-4552-A8B1-C1322CC43713}.Debug|Any CPU.Build.0 = Debug|Any CPU
		{F7765549-F44A-4552-A8B1-C1322CC43713}.Release|Any CPU.ActiveCfg = Release|Any CPU
		{F7765549-F44A-4552-A8B1-C1322CC43713}.Release|Any CPU.Build.0 = Release|Any CPU
		{B5524638-836E-466E-92BE-90BDF8E34284}.Debug|Any CPU.ActiveCfg = Debug|Any CPU
		{B5524638-836E-466E-92BE-90BDF8E34284}.Debug|Any CPU.Build.0 = Debug|Any CPU
		{B5524638-836E-466E-92BE-90BDF8E34284}.Release|Any CPU.ActiveCfg = Release|Any CPU
		{B5524638-836E-466E-92BE-90BDF8E34284}.Release|Any CPU.Build.0 = Release|Any CPU
	EndGlobalSection
	GlobalSection(SolutionProperties) = preSolution
		HideSolutionNode = FALSE
	EndGlobalSection
	GlobalSection(ExtensibilityGlobals) = postSolution
		SolutionGuid = {D91E1226-4384-469E-BE3A-D360098F1F43}
	EndGlobalSection
EndGlobal
